github.com/koykov/bytealg v0.0.0-20220528213442-ac92b7cc2f07 h1:GNAcqL+VEnO02kTK2F9wBBgLB6TUYESoLJXTtXblnIw=
github.com/koykov/bytealg v0.0.0-20220528213442-ac92b7cc2f07/go.mod h1:GsRL37HNnRhJ5Igs0WV7sIVWo8R7qBB9KJh6wzVUFe0=
github.com/koykov/fastconv v0.0.0-20211028200057-f6897ace3bc2 h1:jIlvXIudUQ6ER2y/oExe8Qa3lnZ+6C0BpPthjfDhxvs=
github.com/koykov/fastconv v0.0.0-20211028200057-f6897ace3bc2/go.mod h1:JXdtdh0aCcSmxLsVUoYP61lmxpL6dWOXEKxCIR+MlGg=
github.com/koykov/hash v0.0.0-20211114213030-b12f4a779e5d h1:QbOYJf3+IuQfP8p8DH81zE8se1ub9st9Udbxlsfnf5M=
github.com/koykov/hash v0.0.0-20211114213030-b12f4a779e5d/go.mod h1:+utwpI8WtsRQsCwtxNZKTCobJuJ8j3RNjTYLb270u+U=
github.com/koykov/mpsl v0.0.0-20220625194525-57cb38714b42 h1:flx0e+0aO2huCkk2UMcD2YsvS7R4Y4jAtnAYC3F5X5M=
github.com/koykov/mpsl v0.0.0-20220625194525-57cb38714b42/go.mod h1:ZM2LmqJmuUIg8Djkrw9LwltjHz2AhRqTCdCkQt4ulu4=
github.com/koykov/policy v0.0.0-20211205213434-fe65faba0cab h1:YBfqX4csQMLncAqrHFIIdnxtiyPW7OjW5KWjv5E/v84=
github.com/koykov/policy v0.0.0-20211205213434-fe65faba0cab/go.mod h1:wHHIIRCCjvlBtX4mSGEBALSAlyrdRA02GTk/jBP+ufg=
github.com/weppos/publicsuffix-go v0.15.0 h1:2uQCwDczZ8YZe5uD0mM3sXRoZYA74xxPuiKK8LdPcGQ=
github.com/weppos/publicsuffix-go v0.15.0/go.mod h1:HYux0V0Zi04bHNwOHy4cXJVz/TQjYonnF6aoYhj+3QE=
golang.org/x/crypto v0.0.0-20190308221718-c2843e01d9a2/go.mod h1:djNgcEr1/C05ACkg1iLfiJU5Ep61QUkGW8qpdssI0+w=
golang.org/x/net v0.0.0-20200202094626-16171245cfb2/go.mod h1:z5CRVTTTmAJ677TzLLGU+0bjPO0LkuOLi4/5GtJWs/s=
golang.org/x/net v0.0.0-20211216030914-fe4d6282115f/go.mod h1:9nx3DQGgdP8bBQD5qxJ1jj9UTztislL4KSBs9R2vV5Y=
golang.org/x/net v0.0.0-20220624214902-1bab6f366d9e h1:TsQ7F31D3bUCLeqPT0u+yjp1guoArKaNKmCr22PYgTQ=
golang.org/x/net v0.0.0-20220624214902-1bab6f366d9e/go.mod h1:XRhObCWvk6IyKnWLug+ECip1KBveYUHfp+8e9klMJ9c=
golang.org/x/sys v0.0.0-20190215142949-d0b11bdaac8a/go.mod h1:STP8DvDyc/dI5b8T5hshtkjS+E42TnysNCUPdjciGhY=
golang.org/x/sys v0.0.0-20201119102817-f84b799fce68/go.mod h1:h1NjWce9XRLGQEsW7wpKNCjG9DtNlClVuFLEZdDNbEs=
golang.org/x/sys v0.0.0-20210423082822-04245dca01da/go.mod h1:h1NjWce9XRLGQEsW7wpKNCjG9DtNlClVuFLEZdDNbEs=
golang.org/x/sys v0.0.0-20210615035016-665e8c7367d1/go.mod h1:oPkhp1MJrh7nUepCBck5+mAzfO9JrbApNNgaTdGDITg=
golang.org/x/sys v0.0.0-20220520151302-bc2c85ada10a/go.mod h1:oPkhp1MJrh7nUepCBck5+mAzfO9JrbApNNgaTdGDITg=
golang.org/x/term v0.0.0-20201126162022-7de9c90e9dd1/go.mod h1:bj7SfCRtBDWHUb9snDiAeCFNEtKQo2Wmx5Cou7ajbmo=
golang.org/x/term v0.0.0-20210927222741-03fcf44c2211/go.mod h1:jbD1KX2456YbFQfuXm/mYQcufACuNUgVhRMnK/tPxf8=
golang.org/x/text v0.3.0/go.mod h1:NqM8EUOU14njkJ3fqMW+pc6Ldnwhi/IjpwHt7yyuwOQ=
golang.org/x/text v0.3.6/go.mod h1:5Zoc/QRtKVWzQhOtBMvqHzDpF6irO9z98xDceosuGiQ=
golang.org/x/text v0.3.7 h1:olpwvP2KacW1ZWvsR7uQhoyTYvKAupfQrRGBFM352Gk=
golang.org/x/text v0.3.7/go.mod h1:u+2+/6zg+i71rQMx5EYifcz6MCKuco9NR6JIITiCfzQ=
golang.org/x/tools v0.0.0-20180917221912-90fa682c2a6e/go.mod h1:n7NCudcB/nEzxVGmLbDWY5pfWTLqBcC2KZ6jyYvM4mQ=
