github.com/koykov/bytealg v1.0.3 h1:za9rkXplGzR3QrHYPS9hrAxRA0+ADtGntAGymmgfIpQ=
github.com/koykov/bytealg v1.0.3/go.mod h1:OXm+Nppt6hrH+Yrffh6U9Myuj1pB5Vscx4gjJFgTLr8=
github.com/koykov/byteconv v1.0.0 h1:C8NThxj3Vcmv7f1h384Ti7F9zjVDnOy9AZj9KxTaYqM=
github.com/koykov/byteconv v1.0.0/go.mod h1:viZknv/akQJrXOQS3bZu2U7TE+gjA03LFQpSsRExZR4=
github.com/koykov/byteseq v1.0.1 h1:PbsGtxkUnvrqlwnjNxnRq5FDIvLXJg5CcN9yRuSQY7A=
github.com/koykov/byteseq v1.0.1/go.mod h1:JlIJ6P3/ocuGNRbTVyP0NVRS/ExofhOS8g7mtefjefw=
github.com/koykov/hash v1.0.0 h1:9fO+G934GvZqdtnpn6rfv5kipxUw9Tix+VswM7heASA=
github.com/koykov/hash v1.0.0/go.mod h1:O9RBNTOh5CSr3z6JSchbN6SXhB4TrqsKvS9S3zr6VJ4=
github.com/koykov/mpsl v1.0.4 h1:o4o25m5p/1dwCwdSVTmjlQbh4gjbeY5eUyP9wVKsF2M=
github.com/koykov/mpsl v1.0.4/go.mod h1:m5SU430PoD1mTQrTlylmpDO6IOYmhLCMuUaUklSraEM=
github.com/weppos/publicsuffix-go v0.50.1 h1:elrBHeSkS/eIb169+DnLrknqmdP4AjT0Q0tEdytz1Og=
github.com/weppos/publicsuffix-go v0.50.1/go.mod h1:znn0JVXjcR5hpUl9pbEogwH6I710rA1AX0QQPT0bf+k=
golang.org/x/net v0.47.0 h1:Mx+4dIFzqraBXUugkia1OOvlD6LemFo1ALMHjrXDOhY=
golang.org/x/net v0.47.0/go.mod h1:/jNxtkgq5yWUGYkaZGqo27cfGZ1c5Nen03aYrrKpVRU=
golang.org/x/text v0.31.0 h1:aC8ghyu4JhP8VojJ2lEHBnochRno1sgL6nEi9WGFGMM=
golang.org/x/text v0.31.0/go.mod h1:tKRAlv61yKIjGGHX/4tP1LTbc13YSec1pxVEWXzfoeM=
