github.com/jamesturk/go-jellyfish v0.0.0-20190821175037-81d50ddab23b h1:Neiyfj2+1A3T8Rb/kZqKjT0htCrV7E+11ug4YAIgd00=
github.com/jamesturk/go-jellyfish v0.0.0-20190821175037-81d50ddab23b/go.mod h1:NWgB486zJYWnPz6/Agaue5rNn24YE31xOSxqrdfml4E=
github.com/koykov/bytealg v1.0.7-0.20241210200050-a6d4ea34309d h1:f+j6P2WIWRoDrNtlVlSfzQoDWLPveX4zVgxQN8Rz3EA=
github.com/koykov/bytealg v1.0.7-0.20241210200050-a6d4ea34309d/go.mod h1:Dq7slZGHY2742UKHvVYrIxriJD+BluhCz09Ep8HbB5Y=
github.com/koykov/byteconv v1.0.1 h1:5Yb6++P+HnipDW/V9rHXR7CyS0ZFncspT4isvt65fFA=
github.com/koykov/byteconv v1.0.1/go.mod h1:viZknv/akQJrXOQS3bZu2U7TE+gjA03LFQpSsRExZR4=
github.com/koykov/bytefuzz v0.0.0-20241221192222-37a7652ccb50 h1:s0RGuCHVUy+pKM7y0D3gXsVwTaL4doVxssQJMX09fWc=
github.com/koykov/bytefuzz v0.0.0-20241221192222-37a7652ccb50/go.mod h1:4TLExHVVFpqLH7ls869Ye6IUo+HrYfQ0Ix2h+5XzT6I=
github.com/koykov/byteseq v1.0.1 h1:PbsGtxkUnvrqlwnjNxnRq5FDIvLXJg5CcN9yRuSQY7A=
github.com/koykov/byteseq v1.0.1/go.mod h1:JlIJ6P3/ocuGNRbTVyP0NVRS/ExofhOS8g7mtefjefw=
github.com/koykov/entry v1.0.2 h1:6mZJUt4POGQHRPJ9Iw4GyIZJi9wj2lews3yRRNHfTY4=
github.com/koykov/entry v1.0.2/go.mod h1:WmCy/YM0sPb4ETL9wYY0OJwO89KJ7qeQPGOwLUG4rZU=
github.com/koykov/openrt v0.0.0-20240728195600-ccc3242946f9 h1:BZvoBH5eeWfqd74OnY4G3u81zPl52mYg2rF9I2dM0cE=
github.com/koykov/openrt v0.0.0-20240728195600-ccc3242946f9/go.mod h1:y8Xa99HTBmthCilUUW36IZJd5SP9Rb+W8S9CJaauyU8=
golang.org/x/text v0.21.0 h1:zyQAAkrwaneQ066sspRyJaG9VNi/YJ1NfzcGB3hZ/qo=
golang.org/x/text v0.21.0/go.mod h1:4IBbMaMmOPCJ8SecivzSH54+73PCFmPWxNTLm+vZkEQ=
