github.com/klauspost/compress v1.15.15 h1:EF27CXIuDsYJ6mmvtBRlEuB2UVOqHG1tAXgZ7yIO+lw=
github.com/klauspost/compress v1.15.15/go.mod h1:ZcK2JAFqKOpnBlxcLsJzYfrS9X1akm9fHZNnD9+Vo/4=
github.com/klauspost/cpuid/v2 v2.2.3 h1:sxCkb+qR91z4vsqw4vGGZlDgPz3G7gjaLyK3V8y70BU=
github.com/klauspost/cpuid/v2 v2.2.3/go.mod h1:RVVoqg1df56z8g3pUjL/3lE5UfnlrJX8tyFgg4nqhuY=
github.com/koykov/bitset v1.0.0 h1:2mEbAhKelhpdWqnpa+mR3HRhdMsto5od7ACOi6MIAmk=
github.com/koykov/bitset v1.0.0/go.mod h1:DVR3bH49c1oOcNtD38h+aQq7lp1ZY91cXmjOldlTk8A=
github.com/koykov/bytealg v1.0.4-0.20240218202342-096dfeea1dfa h1:DFeeko+VQWE5u4FwzcmZcy3Iy9/9zf92n24JuwO0v38=
github.com/koykov/bytealg v1.0.4-0.20240218202342-096dfeea1dfa/go.mod h1:hKrpKHsfJ7aeSOOcmSqGnEfC//2rfMmQt2OugvJxy9s=
github.com/koykov/byteconv v1.0.0 h1:C8NThxj3Vcmv7f1h384Ti7F9zjVDnOy9AZj9KxTaYqM=
github.com/koykov/byteconv v1.0.0/go.mod h1:viZknv/akQJrXOQS3bZu2U7TE+gjA03LFQpSsRExZR4=
github.com/koykov/byteptr v1.0.0 h1:tOMEM2qwfFOKTeMNgnzHKyBVWeXxiD1SduLlbzVKJJg=
github.com/koykov/byteptr v1.0.0/go.mod h1:SSRuU7v8JgUo1deHib6Za8s6ya1PQEG2gNpRVKsO3QM=
github.com/koykov/byteseq v1.0.1 h1:PbsGtxkUnvrqlwnjNxnRq5FDIvLXJg5CcN9yRuSQY7A=
github.com/koykov/byteseq v1.0.1/go.mod h1:JlIJ6P3/ocuGNRbTVyP0NVRS/ExofhOS8g7mtefjefw=
github.com/koykov/entry v1.0.2 h1:6mZJUt4POGQHRPJ9Iw4GyIZJi9wj2lews3yRRNHfTY4=
github.com/koykov/entry v1.0.2/go.mod h1:WmCy/YM0sPb4ETL9wYY0OJwO89KJ7qeQPGOwLUG4rZU=
github.com/koykov/fastconv v1.0.2 h1:csOWpctD9OcpkfI07LEtqtolc4TT8Y6QG3zQvkTmhrQ=
github.com/koykov/fastconv v1.0.2/go.mod h1:9jOx5KRGe4UKHxGiDw5Yrp/qrqn2cRwH3xvFjqqCE3c=
github.com/koykov/indirect v1.0.0 h1:3kog1xvVUEB2142K2/AZRhnOKN2N8KNahHHkE+KT7ec=
github.com/koykov/indirect v1.0.0/go.mod h1:2qWC0hrIHIexlKaqPA0VWEa0s2V/qxxNJv7XPncnh2I=
github.com/koykov/jsonvector v1.2.3-0.20240301213733-00a94de53cdd h1:SB8bveuShflF3WnCI9UESZk9LayI+29Uo/PduFfEw+o=
github.com/koykov/jsonvector v1.2.3-0.20240301213733-00a94de53cdd/go.mod h1:Z4KLbz86DByQ+02TQbHcWsc5RyZaCvzqUAhCYt532XM=
github.com/koykov/openrt v0.0.0-20240220213454-7b5b4e8c30a5 h1:Gf4EYzitGI5RjjRKT2fhYJcGuo9g6HRM4jvCO4KmmlA=
github.com/koykov/openrt v0.0.0-20240220213454-7b5b4e8c30a5/go.mod h1:y8Xa99HTBmthCilUUW36IZJd5SP9Rb+W8S9CJaauyU8=
github.com/koykov/vector v1.2.5-0.20240229211231-223114d4304e h1:gKfuMNmek+3MY34fKuPttmDDOr1DxFozp6NQhFJJl6I=
github.com/koykov/vector v1.2.5-0.20240229211231-223114d4304e/go.mod h1:6iPgq/wpNh74UdQYHGk+8GfL3CFa45MUVbNh9fifG1A=
github.com/minio/simdjson-go v0.4.5 h1:r4IQwjRGmWCQ2VeMc7fGiilu1z5du0gJ/I/FsKwgo5A=
github.com/minio/simdjson-go v0.4.5/go.mod h1:eoNz0DcLQRyEDeaPr4Ru6JpjlZPzbA0IodxVJk8lO8E=
github.com/valyala/fastjson v1.6.4 h1:uAUNq9Z6ymTgGhcm0UynUAB6tlbakBrz6CQFax3BXVQ=
github.com/valyala/fastjson v1.6.4/go.mod h1:CLCAqky6SMuOcxStkYQvblddUtoRxhYMGLrsQns1aXY=
golang.org/x/sys v0.0.0-20220704084225-05e143d24a9e h1:CsOuNlbOuf0mzxJIefr6Q4uAUetRUwZE4qt7VfzP+xo=
golang.org/x/sys v0.0.0-20220704084225-05e143d24a9e/go.mod h1:oPkhp1MJrh7nUepCBck5+mAzfO9JrbApNNgaTdGDITg=
