github.com/koykov/byteconv v1.0.0 h1:C8NThxj3Vcmv7f1h384Ti7F9zjVDnOy9AZj9KxTaYqM=
github.com/koykov/byteconv v1.0.0/go.mod h1:viZknv/akQJrXOQS3bZu2U7TE+gjA03LFQpSsRExZR4=
github.com/koykov/cbyte v1.0.4 h1:qPYgfU5y5G97WtXNPEagBCCd4qaUWbvcgbi88zhEisw=
github.com/koykov/cbyte v1.0.4/go.mod h1:UVUQ41KfBZyJc8igZjupM419KImFPgASqDKLZgj/sxE=
github.com/koykov/cbytebuf v1.2.3-0.20240504100109-03a93e961460 h1:J1QYXz865z2OQ1yqY5JkR2DGY7pQK9JBDVJV0zMNaWo=
github.com/koykov/cbytebuf v1.2.3-0.20240504100109-03a93e961460/go.mod h1:dAj8Jm9+gThwaqZsgPXOL0GQ+oJZpGXD/XhPblL8OMA=
github.com/koykov/lbpool v1.0.2 h1:PdqlS6KzYVdHP2nBl/TIpYLPYpicHLZvPw/d8ooJSQs=
github.com/koykov/lbpool v1.0.2/go.mod h1:eSNUenMiTmEWrRV7SyYtnXZvCBXtpRSe6A0+vm/q910=
github.com/valyala/bytebufferpool v1.0.0 h1:GqA5TC/0021Y/b9FG4Oi9Mr3q7XYx6KllzawFIhcdPw=
github.com/valyala/bytebufferpool v1.0.0/go.mod h1:6bBcMArwyJ5K/AmCkWv1jt77kVWyCJ6HpOuEn7z0Csc=
