github.com/koykov/cbyte v1.0.4 h1:qPYgfU5y5G97WtXNPEagBCCd4qaUWbvcgbi88zhEisw=
github.com/koykov/cbyte v1.0.4/go.mod h1:UVUQ41KfBZyJc8igZjupM419KImFPgASqDKLZgj/sxE=
github.com/koykov/cbytebuf v1.2.3-0.20231211210825-d2d9a0a58c10 h1:BAidHEXtCaphC7TuAE6gcYBWEKALgyLvuflAxRoPZlw=
github.com/koykov/cbytebuf v1.2.3-0.20231211210825-d2d9a0a58c10/go.mod h1:6/rTCmbfLT29AY6N/OLZV/JghhS64/TzGe35Ys9mOu0=
github.com/koykov/fastconv v1.0.2 h1:csOWpctD9OcpkfI07LEtqtolc4TT8Y6QG3zQvkTmhrQ=
github.com/koykov/fastconv v1.0.2/go.mod h1:9jOx5KRGe4UKHxGiDw5Yrp/qrqn2cRwH3xvFjqqCE3c=
github.com/koykov/lbpool v1.0.2 h1:PdqlS6KzYVdHP2nBl/TIpYLPYpicHLZvPw/d8ooJSQs=
github.com/koykov/lbpool v1.0.2/go.mod h1:eSNUenMiTmEWrRV7SyYtnXZvCBXtpRSe6A0+vm/q910=
github.com/valyala/bytebufferpool v1.0.0 h1:GqA5TC/0021Y/b9FG4Oi9Mr3q7XYx6KllzawFIhcdPw=
github.com/valyala/bytebufferpool v1.0.0/go.mod h1:6bBcMArwyJ5K/AmCkWv1jt77kVWyCJ6HpOuEn7z0Csc=
