github.com/antchfx/xpath v0.0.0-20170515025933-1f3266e77307/go.mod h1:Yee4kTMuNiPYJ7nSNorELQMr1J33uOpXDMByNYhvtNk=
github.com/antchfx/xpath v1.2.5 h1:hqZ+wtQ+KIOV/S3bGZcIhpgYC26um2bZYP2KVGcR7VY=
github.com/antchfx/xpath v1.2.5/go.mod h1:i54GszH55fYfBmoZXapTHN8T8tkcHfRgLyVwwqzXNcs=
github.com/koykov/bitset v1.0.0 h1:2mEbAhKelhpdWqnpa+mR3HRhdMsto5od7ACOi6MIAmk=
github.com/koykov/bitset v1.0.0/go.mod h1:DVR3bH49c1oOcNtD38h+aQq7lp1ZY91cXmjOldlTk8A=
github.com/koykov/bytealg v1.0.4 h1:V73+6bzPyEME8qNvIGm1nFnwWQ9X1hE9y96OqEFtXak=
github.com/koykov/bytealg v1.0.4/go.mod h1:hKrpKHsfJ7aeSOOcmSqGnEfC//2rfMmQt2OugvJxy9s=
github.com/koykov/byteconv v1.0.0 h1:C8NThxj3Vcmv7f1h384Ti7F9zjVDnOy9AZj9KxTaYqM=
github.com/koykov/byteconv v1.0.0/go.mod h1:viZknv/akQJrXOQS3bZu2U7TE+gjA03LFQpSsRExZR4=
github.com/koykov/byteseq v1.0.1 h1:PbsGtxkUnvrqlwnjNxnRq5FDIvLXJg5CcN9yRuSQY7A=
github.com/koykov/byteseq v1.0.1/go.mod h1:JlIJ6P3/ocuGNRbTVyP0NVRS/ExofhOS8g7mtefjefw=
github.com/koykov/entry v1.0.2 h1:6mZJUt4POGQHRPJ9Iw4GyIZJi9wj2lews3yRRNHfTY4=
github.com/koykov/entry v1.0.2/go.mod h1:WmCy/YM0sPb4ETL9wYY0OJwO89KJ7qeQPGOwLUG4rZU=
github.com/koykov/indirect v1.0.1 h1:1veVipIWBeklFHMvzuwhL82X5eDaJzN+hPeVGRvu22Y=
github.com/koykov/indirect v1.0.1/go.mod h1:2qWC0hrIHIexlKaqPA0VWEa0s2V/qxxNJv7XPncnh2I=
github.com/koykov/openrt v0.0.0-20240411200908-3abd933415e1 h1:SJhDQ+N8JB0oZNRKhKFNjSJ6nzKFocYjaOH7pTbzJtE=
github.com/koykov/openrt v0.0.0-20240411200908-3abd933415e1/go.mod h1:y8Xa99HTBmthCilUUW36IZJd5SP9Rb+W8S9CJaauyU8=
github.com/koykov/vector v1.2.7-0.20240506200014-d7875d4bd914 h1:aLhXbC8Zcq54Uan71opryGUqapAWAZmH9bMAnGI2xnM=
github.com/koykov/vector v1.2.7-0.20240506200014-d7875d4bd914/go.mod h1:uLwgREqEN8H32uHIUPLAp9zC/R+wQKW06U097a0Z90s=
github.com/koykov/xmlvector v1.0.3 h1:TTJ7R7j9kyns5BpAf9ULSm4jrF75+WmJR7KxsAZP4JM=
github.com/koykov/xmlvector v1.0.3/go.mod h1:w8Ow6S8Z5o2CM2bz2lirNrY2KN4jpO0C/DlIxDvUCGw=
github.com/subchen/go-xmldom v1.1.2 h1:7evI2YqfYYOnuj+PBwyaOZZYjl3iWq35P6KfBUw9jeU=
github.com/subchen/go-xmldom v1.1.2/go.mod h1:6Pg/HuX5/T4Jlj0IPJF1sRxKVoI/rrKP6LIMge9d5/8=
github.com/tamerh/xml-stream-parser v1.5.0 h1:aOb4PX/UgX+rsEXEzOMeP6kNI3yaz0NXvmZ4fS3Y8kQ=
github.com/tamerh/xml-stream-parser v1.5.0/go.mod h1:U2cbOazFpRFXP3OiVZUbQVOtZ2T1gBKdeHOlEajksgo=
github.com/tamerh/xpath v1.0.0 h1:NccMES/Ej8slPCFDff73Kf6V1xu9hdbuKf2RyDsxf5Q=
github.com/tamerh/xpath v1.0.0/go.mod h1:t0wnh72FQlOVEO20f2Dl3EoVxso9GnLREh1WTpvNmJQ=
