github.com/antchfx/xpath v0.0.0-20170515025933-1f3266e77307/go.mod h1:Yee4kTMuNiPYJ7nSNorELQMr1J33uOpXDMByNYhvtNk=
github.com/antchfx/xpath v1.2.5 h1:hqZ+wtQ+KIOV/S3bGZcIhpgYC26um2bZYP2KVGcR7VY=
github.com/antchfx/xpath v1.2.5/go.mod h1:i54GszH55fYfBmoZXapTHN8T8tkcHfRgLyVwwqzXNcs=
github.com/koykov/bitset v1.0.0 h1:2mEbAhKelhpdWqnpa+mR3HRhdMsto5od7ACOi6MIAmk=
github.com/koykov/bitset v1.0.0/go.mod h1:DVR3bH49c1oOcNtD38h+aQq7lp1ZY91cXmjOldlTk8A=
github.com/koykov/bytealg v1.0.2 h1:e9le4zkWnK9o1dsjlEtIPjC4JuHof+w0XsyOnYGLOvs=
github.com/koykov/bytealg v1.0.2/go.mod h1:3jLF2zTF1XO+E9dyodNDd3kWyhavUdVUXaIwqPkikB0=
github.com/koykov/byteptr v1.0.0 h1:tOMEM2qwfFOKTeMNgnzHKyBVWeXxiD1SduLlbzVKJJg=
github.com/koykov/byteptr v1.0.0/go.mod h1:SSRuU7v8JgUo1deHib6Za8s6ya1PQEG2gNpRVKsO3QM=
github.com/koykov/byteseq v0.0.0-20230330194259-68973f3b765a h1:2q77e/w+8RE5VwIaR2KwcF4f+PqEemrgOiRA/xhM7S4=
github.com/koykov/byteseq v0.0.0-20230330194259-68973f3b765a/go.mod h1:JlIJ6P3/ocuGNRbTVyP0NVRS/ExofhOS8g7mtefjefw=
github.com/koykov/fastconv v1.0.2 h1:csOWpctD9OcpkfI07LEtqtolc4TT8Y6QG3zQvkTmhrQ=
github.com/koykov/fastconv v1.0.2/go.mod h1:9jOx5KRGe4UKHxGiDw5Yrp/qrqn2cRwH3xvFjqqCE3c=
github.com/koykov/indirect v1.0.0 h1:3kog1xvVUEB2142K2/AZRhnOKN2N8KNahHHkE+KT7ec=
github.com/koykov/indirect v1.0.0/go.mod h1:2qWC0hrIHIexlKaqPA0VWEa0s2V/qxxNJv7XPncnh2I=
github.com/koykov/vector v1.2.4 h1:1z4DYA3ek16VO83Ogv4TmGWj13RPRtvPlnRF3Gnfkrs=
github.com/koykov/vector v1.2.4/go.mod h1:taIaBTVvLApbghwTnYu71CQLGLV9i2OhAo48JIr+OJI=
github.com/koykov/xmlvector v1.0.3-0.20240328214439-39d464e36f22 h1:3xIk5Idem/nCilQcr6LtDjT2bVI5vEHjL6LJvzVf+PM=
github.com/koykov/xmlvector v1.0.3-0.20240328214439-39d464e36f22/go.mod h1:AGwh1vlk9RXM/kSG65ndRgyftfKnYxoJmPWlUkZs8Fc=
github.com/subchen/go-xmldom v1.1.2 h1:7evI2YqfYYOnuj+PBwyaOZZYjl3iWq35P6KfBUw9jeU=
github.com/subchen/go-xmldom v1.1.2/go.mod h1:6Pg/HuX5/T4Jlj0IPJF1sRxKVoI/rrKP6LIMge9d5/8=
github.com/tamerh/xml-stream-parser v1.5.0 h1:aOb4PX/UgX+rsEXEzOMeP6kNI3yaz0NXvmZ4fS3Y8kQ=
github.com/tamerh/xml-stream-parser v1.5.0/go.mod h1:U2cbOazFpRFXP3OiVZUbQVOtZ2T1gBKdeHOlEajksgo=
github.com/tamerh/xpath v1.0.0 h1:NccMES/Ej8slPCFDff73Kf6V1xu9hdbuKf2RyDsxf5Q=
github.com/tamerh/xpath v1.0.0/go.mod h1:t0wnh72FQlOVEO20f2Dl3EoVxso9GnLREh1WTpvNmJQ=
