github.com/koykov/byteconv v1.0.0 h1:C8NThxj3Vcmv7f1h384Ti7F9zjVDnOy9AZj9KxTaYqM=
github.com/koykov/byteconv v1.0.0/go.mod h1:viZknv/akQJrXOQS3bZu2U7TE+gjA03LFQpSsRExZR4=
github.com/koykov/inspector v1.4.6-0.20240528160109-ff10511497f3 h1:m5wzOGtd+WM/Yn+tuKvcTXMN+snH0NAN+A1FzpEFmsU=
github.com/koykov/inspector v1.4.6-0.20240528160109-ff10511497f3/go.mod h1:XdWLccydTO4iLT9zx/bHagSeFkddQ3yYoJU5HV4WM7Y=
github.com/koykov/x2bytes v1.0.2 h1:AISrs+8qfGLb/0RntRdbg1F/ahha3KrFcNledLBbLgA=
github.com/koykov/x2bytes v1.0.2/go.mod h1:0fbvyQAm3RAiTOE/NT0Dg3ZXL9EQiYpyrp5wZyoz11Q=
github.com/modern-go/reflect2 v1.0.2 h1:xBagoLtFs94CBntxluKeaWgTMpvLxC4ur3nMaC9Gz0M=
github.com/modern-go/reflect2 v1.0.2/go.mod h1:yWuevngMOJpCy52FWWMvUC8ws7m/LJsjYzDa0/r8luk=
golang.org/x/mod v0.12.0 h1:rmsUpXtvNzj340zd98LZ4KntptpfRHwpFOHG188oHXc=
golang.org/x/mod v0.12.0/go.mod h1:iBbtSCu2XBx23ZKBPSOrRkjjQPZFPuis4dIYUhu/chs=
golang.org/x/sys v0.10.0 h1:SqMFp9UcQJZa+pmYuAKjd9xq1f0j5rLcDIk0mj4qAsA=
golang.org/x/sys v0.10.0/go.mod h1:oPkhp1MJrh7nUepCBck5+mAzfO9JrbApNNgaTdGDITg=
golang.org/x/tools v0.11.1 h1:ojD5zOW8+7dOGzdnNgersm8aPfcDjhMp12UfG93NIMc=
golang.org/x/tools v0.11.1/go.mod h1:anzJrxPjNtfgiYQYirP2CPGzGLxrH2u2QBhn6Bf3qY8=
